
Microsoft Visual Studio Solution File, Format Version 12.00
# Visual Studio 15
VisualStudioVersion = 15.0.26730.15
MinimumVisualStudioVersion = 10.0.40219.1
Project("{FAE04EC0-301F-11D3-BF4B-00C04F79EFBC}") = "KN", "Krestiki-Noliki\KN.csproj", "{A0BC99BA-E61C-4BCA-842C-690EF6A0E132}"
EndProject
Project("{FAE04EC0-301F-11D3-BF4B-00C04F79EFBC}") = "Krestiki_NolikiTest", "UnitTestProject1\Krestiki_NolikiTest.csproj", "{08FE113A-2A4A-4EC7-AD98-0D399A776B04}"
EndProject
Global
	GlobalSection(SolutionConfigurationPlatforms) = preSolution
		Debug|Any CPU = Debug|Any CPU
		Release|Any CPU = Release|Any CPU
	EndGlobalSection
	GlobalSection(ProjectConfigurationPlatforms) = postSolution
		{A0BC99BA-E61C-4BCA-842C-690EF6A0E132}.Debug|Any CPU.ActiveCfg = Debug|Any CPU
		{A0BC99BA-E61C-4BCA-842C-690EF6A0E132}.Debug|Any CPU.Build.0 = Debug|Any CPU
		{A0BC99BA-E61C-4BCA-842C-690EF6A0E132}.Release|Any CPU.ActiveCfg = Release|Any CPU
		{A0BC99BA-E61C-4BCA-842C-690EF6A0E132}.Release|Any CPU.Build.0 = Release|Any CPU
		{08FE113A-2A4A-4EC7-AD98-0D399A776B04}.Debug|Any CPU.ActiveCfg = Debug|Any CPU
		{08FE113A-2A4A-4EC7-AD98-0D399A776B04}.Debug|Any CPU.Build.0 = Debug|Any CPU
		{08FE113A-2A4A-4EC7-AD98-0D399A776B04}.Release|Any CPU.ActiveCfg = Release|Any CPU
		{08FE113A-2A4A-4EC7-AD98-0D399A776B04}.Release|Any CPU.Build.0 = Release|Any CPU
	EndGlobalSection
	GlobalSection(SolutionProperties) = preSolution
		HideSolutionNode = FALSE
	EndGlobalSection
	GlobalSection(ExtensibilityGlobals) = postSolution
		SolutionGuid = {31D6FDE9-1657-4DA9-B4D9-2988BCDCCFC9}
	EndGlobalSection
EndGlobal
